
Microsoft Visual Studio Solution File, Format Version 12.00
# Visual Studio 2013
VisualStudioVersion = 12.0.21005.1
MinimumVisualStudioVersion = 10.0.40219.1
Project("{FAE04EC0-301F-11D3-BF4B-00C04F79EFBC}") = "LAB2", "LAB2\LAB2.csproj", "{5DF220CC-26E0-41B3-AE7B-D33EE22AAAFE}"
EndProject
Global
	GlobalSection(SolutionConfigurationPlatforms) = preSolution
		Debug|Any CPU = Debug|Any CPU
		Release|Any CPU = Release|Any CPU
	EndGlobalSection
	GlobalSection(ProjectConfigurationPlatforms) = postSolution
		{5DF220CC-26E0-41B3-AE7B-D33EE22AAAFE}.Debug|Any CPU.ActiveCfg = Debug|Any CPU
		{5DF220CC-26E0-41B3-AE7B-D33EE22AAAFE}.Debug|Any CPU.Build.0 = Debug|Any CPU
		{5DF220CC-26E0-41B3-AE7B-D33EE22AAAFE}.Release|Any CPU.ActiveCfg = Release|Any CPU
		{5DF220CC-26E0-41B3-AE7B-D33EE22AAAFE}.Release|Any CPU.Build.0 = Release|Any CPU
	EndGlobalSection
	GlobalSection(SolutionProperties) = preSolution
		HideSolutionNode = FALSE
	EndGlobalSection
EndGlobal
